
Microsoft Visual Studio Solution File, Format Version 12.00
# Visual Studio 15
VisualStudioVersion = 15.0.28010.2003
MinimumVisualStudioVersion = 10.0.40219.1
Project("{FAE04EC0-301F-11D3-BF4B-00C04F79EFBC}") = "Command Pattern", "Command Pattern\Command Pattern.csproj", "{EFFAC7AF-E9C3-49E4-8D31-B5E87615E55D}"
EndProject
Global
	GlobalSection(SolutionConfigurationPlatforms) = preSolution
		Debug|Any CPU = Debug|Any CPU
		Release|Any CPU = Release|Any CPU
	EndGlobalSection
	GlobalSection(ProjectConfigurationPlatforms) = postSolution
		{EFFAC7AF-E9C3-49E4-8D31-B5E87615E55D}.Debug|Any CPU.ActiveCfg = Debug|Any CPU
		{EFFAC7AF-E9C3-49E4-8D31-B5E87615E55D}.Debug|Any CPU.Build.0 = Debug|Any CPU
		{EFFAC7AF-E9C3-49E4-8D31-B5E87615E55D}.Release|Any CPU.ActiveCfg = Release|Any CPU
		{EFFAC7AF-E9C3-49E4-8D31-B5E87615E55D}.Release|Any CPU.Build.0 = Release|Any CPU
	EndGlobalSection
	GlobalSection(SolutionProperties) = preSolution
		HideSolutionNode = FALSE
	EndGlobalSection
	GlobalSection(ExtensibilityGlobals) = postSolution
		SolutionGuid = {CC1B9F5D-1465-45B9-8737-BFC77B0EF373}
	EndGlobalSection
EndGlobal
