
Microsoft Visual Studio Solution File, Format Version 12.00
# Visual Studio 15
VisualStudioVersion = 15.0.28010.2003
MinimumVisualStudioVersion = 10.0.40219.1
Project("{FAE04EC0-301F-11D3-BF4B-00C04F79EFBC}") = "Strategy Pattern", "Strategy Pattern\Strategy Pattern.csproj", "{A92A7D9C-D787-4F8B-AD69-A23B1670776D}"
EndProject
Global
	GlobalSection(SolutionConfigurationPlatforms) = preSolution
		Debug|Any CPU = Debug|Any CPU
		Release|Any CPU = Release|Any CPU
	EndGlobalSection
	GlobalSection(ProjectConfigurationPlatforms) = postSolution
		{A92A7D9C-D787-4F8B-AD69-A23B1670776D}.Debug|Any CPU.ActiveCfg = Debug|Any CPU
		{A92A7D9C-D787-4F8B-AD69-A23B1670776D}.Debug|Any CPU.Build.0 = Debug|Any CPU
		{A92A7D9C-D787-4F8B-AD69-A23B1670776D}.Release|Any CPU.ActiveCfg = Release|Any CPU
		{A92A7D9C-D787-4F8B-AD69-A23B1670776D}.Release|Any CPU.Build.0 = Release|Any CPU
	EndGlobalSection
	GlobalSection(SolutionProperties) = preSolution
		HideSolutionNode = FALSE
	EndGlobalSection
	GlobalSection(ExtensibilityGlobals) = postSolution
		SolutionGuid = {8F1E30F3-9436-4BB8-9EDF-4CAE3E1CCAD5}
	EndGlobalSection
EndGlobal
